
Microsoft Visual Studio Solution File, Format Version 12.00
# Visual Studio Version 17
VisualStudioVersion = 17.2.32616.157
MinimumVisualStudioVersion = 10.0.40219.1
Project("{FAE04EC0-301F-11D3-BF4B-00C04F79EFBC}") = "WebApi2", "WebApi2\WebApi2.csproj", "{532E9628-317B-4D0D-9007-F98EDAD51C4C}"
EndProject
Global
	GlobalSection(SolutionConfigurationPlatforms) = preSolution
		Debug|Any CPU = Debug|Any CPU
		Release|Any CPU = Release|Any CPU
	EndGlobalSection
	GlobalSection(ProjectConfigurationPlatforms) = postSolution
		{532E9628-317B-4D0D-9007-F98EDAD51C4C}.Debug|Any CPU.ActiveCfg = Debug|Any CPU
		{532E9628-317B-4D0D-9007-F98EDAD51C4C}.Debug|Any CPU.Build.0 = Debug|Any CPU
		{532E9628-317B-4D0D-9007-F98EDAD51C4C}.Release|Any CPU.ActiveCfg = Release|Any CPU
		{532E9628-317B-4D0D-9007-F98EDAD51C4C}.Release|Any CPU.Build.0 = Release|Any CPU
	EndGlobalSection
	GlobalSection(SolutionProperties) = preSolution
		HideSolutionNode = FALSE
	EndGlobalSection
	GlobalSection(ExtensibilityGlobals) = postSolution
		SolutionGuid = {E5074EE8-0ED9-4640-850A-8DE1C743C5F8}
	EndGlobalSection
EndGlobal
